
Microsoft Visual Studio Solution File, Format Version 12.00
Project("{FAE04EC0-301F-11D3-BF4B-00C04F79EFBC}") = "Domain", "Domain\Domain.csproj", "{89379221-66A9-4F8C-89AE-B36BBA99591C}"
EndProject
Project("{FAE04EC0-301F-11D3-BF4B-00C04F79EFBC}") = "Application", "Application\Application.csproj", "{C5C10B5A-3EC2-4825-BA3C-0E6A9349A2A7}"
EndProject
Project("{FAE04EC0-301F-11D3-BF4B-00C04F79EFBC}") = "Contracts", "Contracts\Contracts.csproj", "{7AA19B0A-71D6-48F2-92BC-98AD2BC679A5}"
EndProject
Project("{FAE04EC0-301F-11D3-BF4B-00C04F79EFBC}") = "WebApi", "WebApi\WebApi.csproj", "{0F739812-F4AB-4FF4-AE67-711D9E01BEF3}"
EndProject
Project("{FAE04EC0-301F-11D3-BF4B-00C04F79EFBC}") = "Infrastructure", "Infrastructure\Infrastructure.csproj", "{41915CE4-3DF7-4439-B7BC-61BACABB79B9}"
EndProject
Global
	GlobalSection(SolutionConfigurationPlatforms) = preSolution
		Debug|Any CPU = Debug|Any CPU
		Release|Any CPU = Release|Any CPU
	EndGlobalSection
	GlobalSection(ProjectConfigurationPlatforms) = postSolution
		{89379221-66A9-4F8C-89AE-B36BBA99591C}.Debug|Any CPU.ActiveCfg = Debug|Any CPU
		{89379221-66A9-4F8C-89AE-B36BBA99591C}.Debug|Any CPU.Build.0 = Debug|Any CPU
		{89379221-66A9-4F8C-89AE-B36BBA99591C}.Release|Any CPU.ActiveCfg = Release|Any CPU
		{89379221-66A9-4F8C-89AE-B36BBA99591C}.Release|Any CPU.Build.0 = Release|Any CPU
		{C5C10B5A-3EC2-4825-BA3C-0E6A9349A2A7}.Debug|Any CPU.ActiveCfg = Debug|Any CPU
		{C5C10B5A-3EC2-4825-BA3C-0E6A9349A2A7}.Debug|Any CPU.Build.0 = Debug|Any CPU
		{C5C10B5A-3EC2-4825-BA3C-0E6A9349A2A7}.Release|Any CPU.ActiveCfg = Release|Any CPU
		{C5C10B5A-3EC2-4825-BA3C-0E6A9349A2A7}.Release|Any CPU.Build.0 = Release|Any CPU
		{7AA19B0A-71D6-48F2-92BC-98AD2BC679A5}.Debug|Any CPU.ActiveCfg = Debug|Any CPU
		{7AA19B0A-71D6-48F2-92BC-98AD2BC679A5}.Debug|Any CPU.Build.0 = Debug|Any CPU
		{7AA19B0A-71D6-48F2-92BC-98AD2BC679A5}.Release|Any CPU.ActiveCfg = Release|Any CPU
		{7AA19B0A-71D6-48F2-92BC-98AD2BC679A5}.Release|Any CPU.Build.0 = Release|Any CPU
		{0F739812-F4AB-4FF4-AE67-711D9E01BEF3}.Debug|Any CPU.ActiveCfg = Debug|Any CPU
		{0F739812-F4AB-4FF4-AE67-711D9E01BEF3}.Debug|Any CPU.Build.0 = Debug|Any CPU
		{0F739812-F4AB-4FF4-AE67-711D9E01BEF3}.Release|Any CPU.ActiveCfg = Release|Any CPU
		{0F739812-F4AB-4FF4-AE67-711D9E01BEF3}.Release|Any CPU.Build.0 = Release|Any CPU
		{41915CE4-3DF7-4439-B7BC-61BACABB79B9}.Debug|Any CPU.ActiveCfg = Debug|Any CPU
		{41915CE4-3DF7-4439-B7BC-61BACABB79B9}.Debug|Any CPU.Build.0 = Debug|Any CPU
		{41915CE4-3DF7-4439-B7BC-61BACABB79B9}.Release|Any CPU.ActiveCfg = Release|Any CPU
		{41915CE4-3DF7-4439-B7BC-61BACABB79B9}.Release|Any CPU.Build.0 = Release|Any CPU
	EndGlobalSection
EndGlobal
