
Microsoft Visual Studio Solution File, Format Version 12.00
# Visual Studio Version 16
VisualStudioVersion = 16.0.30804.86
MinimumVisualStudioVersion = 10.0.40219.1
Project("{9A19103F-16F7-4668-BE54-9A1E7A4F7556}") = "Domain", "Domain\Domain.csproj", "{89379221-66A9-4F8C-89AE-B36BBA99591C}"
EndProject
Project("{9A19103F-16F7-4668-BE54-9A1E7A4F7556}") = "Application", "Application\Application.csproj", "{C5C10B5A-3EC2-4825-BA3C-0E6A9349A2A7}"
EndProject
Project("{9A19103F-16F7-4668-BE54-9A1E7A4F7556}") = "Contracts", "Contracts\Contracts.csproj", "{7AA19B0A-71D6-48F2-92BC-98AD2BC679A5}"
EndProject
Project("{9A19103F-16F7-4668-BE54-9A1E7A4F7556}") = "WebApi", "WebApi\WebApi.csproj", "{0F739812-F4AB-4FF4-AE67-711D9E01BEF3}"
EndProject
Project("{9A19103F-16F7-4668-BE54-9A1E7A4F7556}") = "Infrastructure", "Infrastructure\Infrastructure.csproj", "{41915CE4-3DF7-4439-B7BC-61BACABB79B9}"
EndProject
Project("{FAE04EC0-301F-11D3-BF4B-00C04F79EFBC}") = "WebUI", "WebUI\WebUI.csproj", "{81D247DE-E3A8-49A6-89A0-B514383CD6FD}"
EndProject
Global
	GlobalSection(SolutionConfigurationPlatforms) = preSolution
		Debug|Any CPU = Debug|Any CPU
		Release|Any CPU = Release|Any CPU
	EndGlobalSection
	GlobalSection(ProjectConfigurationPlatforms) = postSolution
		{89379221-66A9-4F8C-89AE-B36BBA99591C}.Debug|Any CPU.ActiveCfg = Debug|Any CPU
		{89379221-66A9-4F8C-89AE-B36BBA99591C}.Debug|Any CPU.Build.0 = Debug|Any CPU
		{89379221-66A9-4F8C-89AE-B36BBA99591C}.Release|Any CPU.ActiveCfg = Release|Any CPU
		{89379221-66A9-4F8C-89AE-B36BBA99591C}.Release|Any CPU.Build.0 = Release|Any CPU
		{C5C10B5A-3EC2-4825-BA3C-0E6A9349A2A7}.Debug|Any CPU.ActiveCfg = Debug|Any CPU
		{C5C10B5A-3EC2-4825-BA3C-0E6A9349A2A7}.Debug|Any CPU.Build.0 = Debug|Any CPU
		{C5C10B5A-3EC2-4825-BA3C-0E6A9349A2A7}.Release|Any CPU.ActiveCfg = Release|Any CPU
		{C5C10B5A-3EC2-4825-BA3C-0E6A9349A2A7}.Release|Any CPU.Build.0 = Release|Any CPU
		{7AA19B0A-71D6-48F2-92BC-98AD2BC679A5}.Debug|Any CPU.ActiveCfg = Debug|Any CPU
		{7AA19B0A-71D6-48F2-92BC-98AD2BC679A5}.Debug|Any CPU.Build.0 = Debug|Any CPU
		{7AA19B0A-71D6-48F2-92BC-98AD2BC679A5}.Release|Any CPU.ActiveCfg = Release|Any CPU
		{7AA19B0A-71D6-48F2-92BC-98AD2BC679A5}.Release|Any CPU.Build.0 = Release|Any CPU
		{0F739812-F4AB-4FF4-AE67-711D9E01BEF3}.Debug|Any CPU.ActiveCfg = Debug|Any CPU
		{0F739812-F4AB-4FF4-AE67-711D9E01BEF3}.Debug|Any CPU.Build.0 = Debug|Any CPU
		{0F739812-F4AB-4FF4-AE67-711D9E01BEF3}.Release|Any CPU.ActiveCfg = Release|Any CPU
		{0F739812-F4AB-4FF4-AE67-711D9E01BEF3}.Release|Any CPU.Build.0 = Release|Any CPU
		{41915CE4-3DF7-4439-B7BC-61BACABB79B9}.Debug|Any CPU.ActiveCfg = Debug|Any CPU
		{41915CE4-3DF7-4439-B7BC-61BACABB79B9}.Debug|Any CPU.Build.0 = Debug|Any CPU
		{41915CE4-3DF7-4439-B7BC-61BACABB79B9}.Release|Any CPU.ActiveCfg = Release|Any CPU
		{41915CE4-3DF7-4439-B7BC-61BACABB79B9}.Release|Any CPU.Build.0 = Release|Any CPU
		{81D247DE-E3A8-49A6-89A0-B514383CD6FD}.Debug|Any CPU.ActiveCfg = Debug|Any CPU
		{81D247DE-E3A8-49A6-89A0-B514383CD6FD}.Debug|Any CPU.Build.0 = Debug|Any CPU
		{81D247DE-E3A8-49A6-89A0-B514383CD6FD}.Release|Any CPU.ActiveCfg = Release|Any CPU
		{81D247DE-E3A8-49A6-89A0-B514383CD6FD}.Release|Any CPU.Build.0 = Release|Any CPU
	EndGlobalSection
	GlobalSection(SolutionProperties) = preSolution
		HideSolutionNode = FALSE
	EndGlobalSection
	GlobalSection(ExtensibilityGlobals) = postSolution
		SolutionGuid = {915713DD-14F3-4AC4-A0B4-1468514A5B42}
	EndGlobalSection
EndGlobal
